
Microsoft Visual Studio Solution File, Format Version 12.00
# Visual Studio Version 17
VisualStudioVersion = 17.3.32922.545
MinimumVisualStudioVersion = 10.0.40219.1
Project("{FAE04EC0-301F-11D3-BF4B-00C04F79EFBC}") = "peti002_oroklodes", "peti002_oroklodes\peti002_oroklodes.csproj", "{C69D02F8-6D6A-44FA-A8F5-8BA7EBBABFC1}"
EndProject
Global
	GlobalSection(SolutionConfigurationPlatforms) = preSolution
		Debug|Any CPU = Debug|Any CPU
		Release|Any CPU = Release|Any CPU
	EndGlobalSection
	GlobalSection(ProjectConfigurationPlatforms) = postSolution
		{C69D02F8-6D6A-44FA-A8F5-8BA7EBBABFC1}.Debug|Any CPU.ActiveCfg = Debug|Any CPU
		{C69D02F8-6D6A-44FA-A8F5-8BA7EBBABFC1}.Debug|Any CPU.Build.0 = Debug|Any CPU
		{C69D02F8-6D6A-44FA-A8F5-8BA7EBBABFC1}.Release|Any CPU.ActiveCfg = Release|Any CPU
		{C69D02F8-6D6A-44FA-A8F5-8BA7EBBABFC1}.Release|Any CPU.Build.0 = Release|Any CPU
	EndGlobalSection
	GlobalSection(SolutionProperties) = preSolution
		HideSolutionNode = FALSE
	EndGlobalSection
	GlobalSection(ExtensibilityGlobals) = postSolution
		SolutionGuid = {C0065FC8-22A1-4018-B4EB-3BD97E9CB9E1}
	EndGlobalSection
EndGlobal
